
Microsoft Visual Studio Solution File, Format Version 12.00
# Visual Studio Version 17
VisualStudioVersion = 17.11.35222.181
MinimumVisualStudioVersion = 10.0.40219.1
Project("{9A19103F-16F7-4668-BE54-9A1E7A4F7556}") = "Users.Back", "Users.Back\Users.Back.csproj", "{35B39205-91ED-4135-BB67-48025D12280A}"
EndProject
Global
	GlobalSection(SolutionConfigurationPlatforms) = preSolution
		Debug|Any CPU = Debug|Any CPU
		Release|Any CPU = Release|Any CPU
	EndGlobalSection
	GlobalSection(ProjectConfigurationPlatforms) = postSolution
		{35B39205-91ED-4135-BB67-48025D12280A}.Debug|Any CPU.ActiveCfg = Debug|Any CPU
		{35B39205-91ED-4135-BB67-48025D12280A}.Debug|Any CPU.Build.0 = Debug|Any CPU
		{35B39205-91ED-4135-BB67-48025D12280A}.Release|Any CPU.ActiveCfg = Release|Any CPU
		{35B39205-91ED-4135-BB67-48025D12280A}.Release|Any CPU.Build.0 = Release|Any CPU
	EndGlobalSection
	GlobalSection(SolutionProperties) = preSolution
		HideSolutionNode = FALSE
	EndGlobalSection
	GlobalSection(ExtensibilityGlobals) = postSolution
		SolutionGuid = {9A88B9DF-5FCC-4097-A00B-1555B77D8024}
	EndGlobalSection
EndGlobal
